
Microsoft Visual Studio Solution File, Format Version 12.00
# Visual Studio Version 17
VisualStudioVersion = 17.11.35312.102
MinimumVisualStudioVersion = 10.0.40219.1
Project("{9A19103F-16F7-4668-BE54-9A1E7A4F7556}") = "YogiBear", "YogiBear\YogiBear.csproj", "{089CA2F8-42C7-4359-81AF-92A7D36F81CC}"
EndProject
Project("{9A19103F-16F7-4668-BE54-9A1E7A4F7556}") = "YogiGame.Test", "YogiGame.Test\YogiGame.Test.csproj", "{BDDB63F4-CDCD-4617-BF22-12EE9227D9F4}"
EndProject
Project("{FAE04EC0-301F-11D3-BF4B-00C04F79EFBC}") = "YogiBear.WPF", "YogiBear.WPF\YogiBear.WPF.csproj", "{D10E35D9-C1D3-473C-88F6-386B5F9F22B5}"
EndProject
Global
	GlobalSection(SolutionConfigurationPlatforms) = preSolution
		Debug|Any CPU = Debug|Any CPU
		Release|Any CPU = Release|Any CPU
	EndGlobalSection
	GlobalSection(ProjectConfigurationPlatforms) = postSolution
		{089CA2F8-42C7-4359-81AF-92A7D36F81CC}.Debug|Any CPU.ActiveCfg = Debug|Any CPU
		{089CA2F8-42C7-4359-81AF-92A7D36F81CC}.Debug|Any CPU.Build.0 = Debug|Any CPU
		{089CA2F8-42C7-4359-81AF-92A7D36F81CC}.Release|Any CPU.ActiveCfg = Release|Any CPU
		{089CA2F8-42C7-4359-81AF-92A7D36F81CC}.Release|Any CPU.Build.0 = Release|Any CPU
		{BDDB63F4-CDCD-4617-BF22-12EE9227D9F4}.Debug|Any CPU.ActiveCfg = Debug|Any CPU
		{BDDB63F4-CDCD-4617-BF22-12EE9227D9F4}.Debug|Any CPU.Build.0 = Debug|Any CPU
		{BDDB63F4-CDCD-4617-BF22-12EE9227D9F4}.Release|Any CPU.ActiveCfg = Release|Any CPU
		{BDDB63F4-CDCD-4617-BF22-12EE9227D9F4}.Release|Any CPU.Build.0 = Release|Any CPU
		{D10E35D9-C1D3-473C-88F6-386B5F9F22B5}.Debug|Any CPU.ActiveCfg = Debug|Any CPU
		{D10E35D9-C1D3-473C-88F6-386B5F9F22B5}.Debug|Any CPU.Build.0 = Debug|Any CPU
		{D10E35D9-C1D3-473C-88F6-386B5F9F22B5}.Release|Any CPU.ActiveCfg = Release|Any CPU
		{D10E35D9-C1D3-473C-88F6-386B5F9F22B5}.Release|Any CPU.Build.0 = Release|Any CPU
	EndGlobalSection
	GlobalSection(SolutionProperties) = preSolution
		HideSolutionNode = FALSE
	EndGlobalSection
	GlobalSection(ExtensibilityGlobals) = postSolution
		SolutionGuid = {DE7CBB43-6BB9-45A6-A56B-6224037649DB}
	EndGlobalSection
EndGlobal
